
Microsoft Visual Studio Solution File, Format Version 12.00
# Visual Studio Version 16
VisualStudioVersion = 16.0.29911.84
MinimumVisualStudioVersion = 10.0.40219.1
Project("{9A19103F-16F7-4668-BE54-9A1E7A4F7556}") = "WSharp.Runtime", "WSharp.Runtime\WSharp.Runtime.csproj", "{AA1878E8-1603-4F79-9EF9-A113806F7FBA}"
EndProject
Project("{9A19103F-16F7-4668-BE54-9A1E7A4F7556}") = "WSharp.Runtime.Tests", "WSharp.Runtime.Tests\WSharp.Runtime.Tests.csproj", "{E11F4501-2139-4BC6-8385-DC284D19A404}"
EndProject
Project("{9A19103F-16F7-4668-BE54-9A1E7A4F7556}") = "WSharp", "WSharp\WSharp.csproj", "{16202142-F417-4C07-8E4E-98F33CAE16C0}"
EndProject
Project("{2150E333-8FDC-42A3-9474-1A3956D46DE8}") = "Solution Items", "Solution Items", "{3B533ED2-BE01-478B-A028-E922739B7338}"
	ProjectSection(SolutionItems) = preProject
		README.md = README.md
	EndProjectSection
EndProject
Project("{9A19103F-16F7-4668-BE54-9A1E7A4F7556}") = "WSharp.Compiler", "WSharp.Compiler\WSharp.Compiler.csproj", "{C7B20EB8-37FB-4504-A035-976CB672E104}"
EndProject
Project("{9A19103F-16F7-4668-BE54-9A1E7A4F7556}") = "WSharp.Compiler.Tests", "WSharp.Compiler.Tests\WSharp.Compiler.Tests.csproj", "{51D85697-5F28-4F09-92D7-06E36D8947DF}"
EndProject
Global
	GlobalSection(SolutionConfigurationPlatforms) = preSolution
		Debug|Any CPU = Debug|Any CPU
		Release|Any CPU = Release|Any CPU
	EndGlobalSection
	GlobalSection(ProjectConfigurationPlatforms) = postSolution
		{AA1878E8-1603-4F79-9EF9-A113806F7FBA}.Debug|Any CPU.ActiveCfg = Debug|Any CPU
		{AA1878E8-1603-4F79-9EF9-A113806F7FBA}.Debug|Any CPU.Build.0 = Debug|Any CPU
		{AA1878E8-1603-4F79-9EF9-A113806F7FBA}.Release|Any CPU.ActiveCfg = Release|Any CPU
		{AA1878E8-1603-4F79-9EF9-A113806F7FBA}.Release|Any CPU.Build.0 = Release|Any CPU
		{E11F4501-2139-4BC6-8385-DC284D19A404}.Debug|Any CPU.ActiveCfg = Debug|Any CPU
		{E11F4501-2139-4BC6-8385-DC284D19A404}.Debug|Any CPU.Build.0 = Debug|Any CPU
		{E11F4501-2139-4BC6-8385-DC284D19A404}.Release|Any CPU.ActiveCfg = Release|Any CPU
		{E11F4501-2139-4BC6-8385-DC284D19A404}.Release|Any CPU.Build.0 = Release|Any CPU
		{16202142-F417-4C07-8E4E-98F33CAE16C0}.Debug|Any CPU.ActiveCfg = Debug|Any CPU
		{16202142-F417-4C07-8E4E-98F33CAE16C0}.Debug|Any CPU.Build.0 = Debug|Any CPU
		{16202142-F417-4C07-8E4E-98F33CAE16C0}.Release|Any CPU.ActiveCfg = Release|Any CPU
		{16202142-F417-4C07-8E4E-98F33CAE16C0}.Release|Any CPU.Build.0 = Release|Any CPU
		{C7B20EB8-37FB-4504-A035-976CB672E104}.Debug|Any CPU.ActiveCfg = Debug|Any CPU
		{C7B20EB8-37FB-4504-A035-976CB672E104}.Debug|Any CPU.Build.0 = Debug|Any CPU
		{C7B20EB8-37FB-4504-A035-976CB672E104}.Release|Any CPU.ActiveCfg = Release|Any CPU
		{C7B20EB8-37FB-4504-A035-976CB672E104}.Release|Any CPU.Build.0 = Release|Any CPU
		{51D85697-5F28-4F09-92D7-06E36D8947DF}.Debug|Any CPU.ActiveCfg = Debug|Any CPU
		{51D85697-5F28-4F09-92D7-06E36D8947DF}.Debug|Any CPU.Build.0 = Debug|Any CPU
		{51D85697-5F28-4F09-92D7-06E36D8947DF}.Release|Any CPU.ActiveCfg = Release|Any CPU
		{51D85697-5F28-4F09-92D7-06E36D8947DF}.Release|Any CPU.Build.0 = Release|Any CPU
	EndGlobalSection
	GlobalSection(SolutionProperties) = preSolution
		HideSolutionNode = FALSE
	EndGlobalSection
	GlobalSection(ExtensibilityGlobals) = postSolution
		SolutionGuid = {D98F898C-530B-415F-A332-16C5F7B7187E}
	EndGlobalSection
EndGlobal
