
Microsoft Visual Studio Solution File, Format Version 12.00
# Visual Studio 15
VisualStudioVersion = 15.0.28010.2050
MinimumVisualStudioVersion = 10.0.40219.1
Project("{FAE04EC0-301F-11D3-BF4B-00C04F79EFBC}") = "WSharp.Runtime", "WSharp.Runtime\WSharp.Runtime.csproj", "{AA1878E8-1603-4F79-9EF9-A113806F7FBA}"
EndProject
Project("{FAE04EC0-301F-11D3-BF4B-00C04F79EFBC}") = "WSharp.Runtime.Tests", "WSharp.Runtime.Tests\WSharp.Runtime.Tests.csproj", "{E11F4501-2139-4BC6-8385-DC284D19A404}"
EndProject
Global
	GlobalSection(SolutionConfigurationPlatforms) = preSolution
		Debug|Any CPU = Debug|Any CPU
		Release|Any CPU = Release|Any CPU
	EndGlobalSection
	GlobalSection(ProjectConfigurationPlatforms) = postSolution
		{AA1878E8-1603-4F79-9EF9-A113806F7FBA}.Debug|Any CPU.ActiveCfg = Debug|Any CPU
		{AA1878E8-1603-4F79-9EF9-A113806F7FBA}.Debug|Any CPU.Build.0 = Debug|Any CPU
		{AA1878E8-1603-4F79-9EF9-A113806F7FBA}.Release|Any CPU.ActiveCfg = Release|Any CPU
		{AA1878E8-1603-4F79-9EF9-A113806F7FBA}.Release|Any CPU.Build.0 = Release|Any CPU
		{E11F4501-2139-4BC6-8385-DC284D19A404}.Debug|Any CPU.ActiveCfg = Debug|Any CPU
		{E11F4501-2139-4BC6-8385-DC284D19A404}.Debug|Any CPU.Build.0 = Debug|Any CPU
		{E11F4501-2139-4BC6-8385-DC284D19A404}.Release|Any CPU.ActiveCfg = Release|Any CPU
		{E11F4501-2139-4BC6-8385-DC284D19A404}.Release|Any CPU.Build.0 = Release|Any CPU
	EndGlobalSection
	GlobalSection(SolutionProperties) = preSolution
		HideSolutionNode = FALSE
	EndGlobalSection
	GlobalSection(ExtensibilityGlobals) = postSolution
		SolutionGuid = {D98F898C-530B-415F-A332-16C5F7B7187E}
	EndGlobalSection
EndGlobal
